
Microsoft Visual Studio Solution File, Format Version 12.00
# Visual Studio Version 16
VisualStudioVersion = 16.0.31424.327
MinimumVisualStudioVersion = 10.0.40219.1
Project("{FAE04EC0-301F-11D3-BF4B-00C04F79EFBC}") = "KingsStoreApi", "KingsStoreApi\KingsStoreApi.csproj", "{F14D5474-8AFC-4931-B47C-FEC03B964115}"
EndProject
Project("{FAE04EC0-301F-11D3-BF4B-00C04F79EFBC}") = "KingsStoreApi.Model", "KingsStoreApi.Model\KingsStoreApi.Model.csproj", "{9C9E7E62-87A2-4120-B8BF-FE73555CC3FE}"
EndProject
Project("{FAE04EC0-301F-11D3-BF4B-00C04F79EFBC}") = "KingsStoreApi.Data", "KingsStoreApi.Data\KingsStoreApi.Data.csproj", "{D83DC4E3-19C4-4CC5-8135-B23FD0A7BB93}"
EndProject
Project("{FAE04EC0-301F-11D3-BF4B-00C04F79EFBC}") = "KingsStoreApi.Services", "KingsStoreApi.Services\KingsStoreApi.Services.csproj", "{C5B23021-3B1D-4E56-9FA2-3BF0BDD12DEA}"
EndProject
Project("{FAE04EC0-301F-11D3-BF4B-00C04F79EFBC}") = "KingsStoreApi.Helpers", "KingsStoreApi.Helpers\KingsStoreApi.Helpers.csproj", "{BBA7372C-08F6-481D-AC64-0D9F696AC745}"
EndProject
Global
	GlobalSection(SolutionConfigurationPlatforms) = preSolution
		Debug|Any CPU = Debug|Any CPU
		Release|Any CPU = Release|Any CPU
	EndGlobalSection
	GlobalSection(ProjectConfigurationPlatforms) = postSolution
		{F14D5474-8AFC-4931-B47C-FEC03B964115}.Debug|Any CPU.ActiveCfg = Debug|Any CPU
		{F14D5474-8AFC-4931-B47C-FEC03B964115}.Debug|Any CPU.Build.0 = Debug|Any CPU
		{F14D5474-8AFC-4931-B47C-FEC03B964115}.Release|Any CPU.ActiveCfg = Release|Any CPU
		{F14D5474-8AFC-4931-B47C-FEC03B964115}.Release|Any CPU.Build.0 = Release|Any CPU
		{9C9E7E62-87A2-4120-B8BF-FE73555CC3FE}.Debug|Any CPU.ActiveCfg = Debug|Any CPU
		{9C9E7E62-87A2-4120-B8BF-FE73555CC3FE}.Debug|Any CPU.Build.0 = Debug|Any CPU
		{9C9E7E62-87A2-4120-B8BF-FE73555CC3FE}.Release|Any CPU.ActiveCfg = Release|Any CPU
		{9C9E7E62-87A2-4120-B8BF-FE73555CC3FE}.Release|Any CPU.Build.0 = Release|Any CPU
		{D83DC4E3-19C4-4CC5-8135-B23FD0A7BB93}.Debug|Any CPU.ActiveCfg = Debug|Any CPU
		{D83DC4E3-19C4-4CC5-8135-B23FD0A7BB93}.Debug|Any CPU.Build.0 = Debug|Any CPU
		{D83DC4E3-19C4-4CC5-8135-B23FD0A7BB93}.Release|Any CPU.ActiveCfg = Release|Any CPU
		{D83DC4E3-19C4-4CC5-8135-B23FD0A7BB93}.Release|Any CPU.Build.0 = Release|Any CPU
		{C5B23021-3B1D-4E56-9FA2-3BF0BDD12DEA}.Debug|Any CPU.ActiveCfg = Debug|Any CPU
		{C5B23021-3B1D-4E56-9FA2-3BF0BDD12DEA}.Debug|Any CPU.Build.0 = Debug|Any CPU
		{C5B23021-3B1D-4E56-9FA2-3BF0BDD12DEA}.Release|Any CPU.ActiveCfg = Release|Any CPU
		{C5B23021-3B1D-4E56-9FA2-3BF0BDD12DEA}.Release|Any CPU.Build.0 = Release|Any CPU
		{BBA7372C-08F6-481D-AC64-0D9F696AC745}.Debug|Any CPU.ActiveCfg = Debug|Any CPU
		{BBA7372C-08F6-481D-AC64-0D9F696AC745}.Debug|Any CPU.Build.0 = Debug|Any CPU
		{BBA7372C-08F6-481D-AC64-0D9F696AC745}.Release|Any CPU.ActiveCfg = Release|Any CPU
		{BBA7372C-08F6-481D-AC64-0D9F696AC745}.Release|Any CPU.Build.0 = Release|Any CPU
	EndGlobalSection
	GlobalSection(SolutionProperties) = preSolution
		HideSolutionNode = FALSE
	EndGlobalSection
	GlobalSection(ExtensibilityGlobals) = postSolution
		SolutionGuid = {3AAE8E8F-9F8E-44A3-9679-E1CF55DDBD26}
	EndGlobalSection
EndGlobal
